# This file is autogenerated, do not edit; changes may be undone by the next 'dep ensure'.


[[projects]]
  branch = "master"
  digest = "1:d4bdf20b93b78346d40681c66ee5133839780911140b70ef553f117b2a963cb7"
  name = "github.com/CloudyKit/fastprinter"
  packages = ["."]
  pruneopts = "UT"
  revision = "74b38d55f37af5d6c05ca11147d616b613a3420e"

[[projects]]
  digest = "1:5803f73e8574ed21d2d746b4abe020acea49e64838dcc97c8ae76e3b93f36964"
  name = "github.com/CloudyKit/jet"
  packages = ["."]
  pruneopts = "UT"
  revision = "2b064536b25ab0e9c54245f9e2cc5bd4766033fe"
  version = "v2.1.2"

[[projects]]
  digest = "1:abbf87f57d6cd8c54c58a748ed34d17a109800b7d40ff687fb4554c2166022ca"
  name = "github.com/gookit/ini"
  packages = [
    ".",
    "parser",
  ]
  pruneopts = "UT"
  revision = "2e4e8faa66904bf17aeb6d4bfa6d693b377e9c3a"
  version = "v2.0.0"

[[projects]]
  digest = "1:d5f97fc268267ec1b61c3453058c738246fc3e746f14b1ae25161513b7367b0c"
  name = "github.com/gorilla/mux"
  packages = ["."]
  pruneopts = "UT"
  revision = "c5c6c98bc25355028a63748a498942a6398ccd22"
  version = "v1.7.1"

[[projects]]
  digest = "1:cf31692c14422fa27c83a05292eb5cbe0fb2775972e8f1f8446a71549bd8980b"
  name = "github.com/pkg/errors"
  packages = ["."]
  pruneopts = "UT"
  revision = "ba968bfe8b2f7e042a574c888954fccecfa385b4"
  version = "v0.8.1"

[solve-meta]
  analyzer-name = "dep"
  analyzer-version = 1
  input-imports = [
    "github.com/CloudyKit/jet",
    "github.com/gookit/ini",
    "github.com/gorilla/mux",
  ]
  solver-name = "gps-cdcl"
  solver-version = 1
